
Microsoft Visual Studio Solution File, Format Version 12.00
# Visual Studio Version 16
VisualStudioVersion = 16.0.29424.173
MinimumVisualStudioVersion = 10.0.40219.1
Project("{FAE04EC0-301F-11D3-BF4B-00C04F79EFBC}") = "Menu System", "Menu System.csproj", "{76629C93-D908-4501-ADD1-8FF0FE7CDC78}"
EndProject
Global
	GlobalSection(SolutionConfigurationPlatforms) = preSolution
		Debug|Any CPU = Debug|Any CPU
		Release|Any CPU = Release|Any CPU
	EndGlobalSection
	GlobalSection(ProjectConfigurationPlatforms) = postSolution
		{76629C93-D908-4501-ADD1-8FF0FE7CDC78}.Debug|Any CPU.ActiveCfg = Debug|Any CPU
		{76629C93-D908-4501-ADD1-8FF0FE7CDC78}.Debug|Any CPU.Build.0 = Debug|Any CPU
		{76629C93-D908-4501-ADD1-8FF0FE7CDC78}.Release|Any CPU.ActiveCfg = Release|Any CPU
		{76629C93-D908-4501-ADD1-8FF0FE7CDC78}.Release|Any CPU.Build.0 = Release|Any CPU
	EndGlobalSection
	GlobalSection(SolutionProperties) = preSolution
		HideSolutionNode = FALSE
	EndGlobalSection
	GlobalSection(ExtensibilityGlobals) = postSolution
		SolutionGuid = {C65594AC-411B-460E-909C-18A28772A3F8}
	EndGlobalSection
EndGlobal
